// !$*UTF8*$!
{
	archiveVersion = 1;
	classes = {
	};
	objectVersion = 51;
	objects = {

/* Begin PBXBuildFile section */
		1D8B2F3224037645002F19F7 /* QuaviTabBarController.swift in Sources */ = {isa = PBXBuildFile; fileRef = 1D8B2F3124037645002F19F7 /* QuaviTabBarController.swift */; };
		1D8B2F3424037754002F19F7 /* ProfileViewController.swift in Sources */ = {isa = PBXBuildFile; fileRef = 1D8B2F3324037754002F19F7 /* ProfileViewController.swift */; };
		1D91608A23F0DA4F009B1F97 /* StopsTableViewCell.swift in Sources */ = {isa = PBXBuildFile; fileRef = 1D91608923F0DA4F009B1F97 /* StopsTableViewCell.swift */; };
		1D91608C23F0DA59009B1F97 /* CategoriesCollectionViewCell.swift in Sources */ = {isa = PBXBuildFile; fileRef = 1D91608B23F0DA59009B1F97 /* CategoriesCollectionViewCell.swift */; };
		1D91609023F0DACD009B1F97 /* Enums.swift in Sources */ = {isa = PBXBuildFile; fileRef = 1D91608F23F0DACD009B1F97 /* Enums.swift */; };
		1D91609223F0DB3F009B1F97 /* CategoryData.swift in Sources */ = {isa = PBXBuildFile; fileRef = 1D91609123F0DB3F009B1F97 /* CategoryData.swift */; };
		85021F032404240700F8AD7B /* OnBoardingViewController.swift in Sources */ = {isa = PBXBuildFile; fileRef = 85021F022404240700F8AD7B /* OnBoardingViewController.swift */; };
		85021F052404243A00F8AD7B /* OnBoardingView.swift in Sources */ = {isa = PBXBuildFile; fileRef = 85021F042404243A00F8AD7B /* OnBoardingView.swift */; };
		85021F072404247800F8AD7B /* QuaviOnboardingPage.swift in Sources */ = {isa = PBXBuildFile; fileRef = 85021F062404247800F8AD7B /* QuaviOnboardingPage.swift */; };
		85021F09240424A100F8AD7B /* QuaviOnboardOverlay.swift in Sources */ = {isa = PBXBuildFile; fileRef = 85021F08240424A100F8AD7B /* QuaviOnboardOverlay.swift */; };
		85021F0B240443A400F8AD7B /* CategorySelectionViewController.swift in Sources */ = {isa = PBXBuildFile; fileRef = 85021F0A240443A400F8AD7B /* CategorySelectionViewController.swift */; };
		85021F0D2404485700F8AD7B /* CategoryTableViewCell.swift in Sources */ = {isa = PBXBuildFile; fileRef = 85021F0C2404485600F8AD7B /* CategoryTableViewCell.swift */; };
		8502669623F215C0003AD65C /* MapViewController+Navigation.swift in Sources */ = {isa = PBXBuildFile; fileRef = 8502669523F215C0003AD65C /* MapViewController+Navigation.swift */; };
		8502669823F31DA4003AD65C /* MapViewController+Navigation+Delegate.swift in Sources */ = {isa = PBXBuildFile; fileRef = 8502669723F31DA4003AD65C /* MapViewController+Navigation+Delegate.swift */; };
		8502669C23F344C1003AD65C /* POIInfoViewController.swift in Sources */ = {isa = PBXBuildFile; fileRef = 8502669B23F344C1003AD65C /* POIInfoViewController.swift */; };
		8502669E23F3529C003AD65C /* POIInfoViewController+Constraints.swift in Sources */ = {isa = PBXBuildFile; fileRef = 8502669D23F3529C003AD65C /* POIInfoViewController+Constraints.swift */; };
		88E33231A7ED230343FC2BA1 /* Pods_quaviTests.framework in Frameworks */ = {isa = PBXBuildFile; fileRef = 1036A64AE7CE1E667C7A8F7B /* Pods_quaviTests.framework */; };
		C47D7B80F123D596DC3ECE5B /* Pods_quavi.framework in Frameworks */ = {isa = PBXBuildFile; fileRef = B79E9E4111B34390ECCC8BCB /* Pods_quavi.framework */; };
		EA97DA8223FF085900CB6B32 /* LoginViewController.swift in Sources */ = {isa = PBXBuildFile; fileRef = EA97DA8123FF085900CB6B32 /* LoginViewController.swift */; };
		EA97DA8423FF0B3900CB6B32 /* LoginViewController+Constraints.swift in Sources */ = {isa = PBXBuildFile; fileRef = EA97DA8323FF0B3900CB6B32 /* LoginViewController+Constraints.swift */; };
		EA97DA8823FF264200CB6B32 /* SignUpViewController.swift in Sources */ = {isa = PBXBuildFile; fileRef = EA97DA8723FF264200CB6B32 /* SignUpViewController.swift */; };
		EA97DA8A23FF279900CB6B32 /* SignUpViewController+Constraints.swift in Sources */ = {isa = PBXBuildFile; fileRef = EA97DA8923FF279900CB6B32 /* SignUpViewController+Constraints.swift */; };
		EA97DA8C23FF2C1B00CB6B32 /* String+Validation.swift in Sources */ = {isa = PBXBuildFile; fileRef = EA97DA8B23FF2C1B00CB6B32 /* String+Validation.swift */; };
		EA97DA8E23FF2C4C00CB6B32 /* ViewController+Alert.swift in Sources */ = {isa = PBXBuildFile; fileRef = EA97DA8D23FF2C4C00CB6B32 /* ViewController+Alert.swift */; };
		EA97DA9123FF3B4000CB6B32 /* ForgotPasswordViewController.swift in Sources */ = {isa = PBXBuildFile; fileRef = EA97DA9023FF3B4000CB6B32 /* ForgotPasswordViewController.swift */; };
		EAF7171023E3804200DD8703 /* AppDelegate.swift in Sources */ = {isa = PBXBuildFile; fileRef = EAF7170F23E3804200DD8703 /* AppDelegate.swift */; };
		EAF7171223E3804200DD8703 /* SceneDelegate.swift in Sources */ = {isa = PBXBuildFile; fileRef = EAF7171123E3804200DD8703 /* SceneDelegate.swift */; };
		EAF7171923E3804500DD8703 /* Assets.xcassets in Resources */ = {isa = PBXBuildFile; fileRef = EAF7171823E3804500DD8703 /* Assets.xcassets */; };
		EAF7171C23E3804500DD8703 /* LaunchScreen.storyboard in Resources */ = {isa = PBXBuildFile; fileRef = EAF7171A23E3804500DD8703 /* LaunchScreen.storyboard */; };
		EAF7172723E3804600DD8703 /* quaviTests.swift in Sources */ = {isa = PBXBuildFile; fileRef = EAF7172623E3804600DD8703 /* quaviTests.swift */; };
		EAF7173323E381A900DD8703 /* Tour.swift in Sources */ = {isa = PBXBuildFile; fileRef = EAF7173223E381A900DD8703 /* Tour.swift */; };
		EAF7173523E381B500DD8703 /* POI.swift in Sources */ = {isa = PBXBuildFile; fileRef = EAF7173423E381B500DD8703 /* POI.swift */; };
		EAF7173823E3823C00DD8703 /* MapViewController.swift in Sources */ = {isa = PBXBuildFile; fileRef = EAF7173723E3823C00DD8703 /* MapViewController.swift */; };
		EAF7173C23E3857500DD8703 /* FirestoreService.swift in Sources */ = {isa = PBXBuildFile; fileRef = EAF7173B23E3857500DD8703 /* FirestoreService.swift */; };
		EAF7173F23E385EB00DD8703 /* UIDesign.swift in Sources */ = {isa = PBXBuildFile; fileRef = EAF7173E23E385EB00DD8703 /* UIDesign.swift */; };
		EAF7174423E3879200DD8703 /* NetworkingFile.swift in Sources */ = {isa = PBXBuildFile; fileRef = EAF7174323E3879200DD8703 /* NetworkingFile.swift */; };
		EAF7174723E387D300DD8703 /* ProtocolFile.swift in Sources */ = {isa = PBXBuildFile; fileRef = EAF7174623E387D300DD8703 /* ProtocolFile.swift */; };
		EAF7174A23E3884600DD8703 /* Button+ModesOfTransitStyle.swift in Sources */ = {isa = PBXBuildFile; fileRef = EAF7174923E3884600DD8703 /* Button+ModesOfTransitStyle.swift */; };
		EAF7174D23E388D000DD8703 /* MapboxError.swift in Sources */ = {isa = PBXBuildFile; fileRef = EAF7174C23E388D000DD8703 /* MapboxError.swift */; };
		EAF7174F23E894CF00DD8703 /* MapViewController+MapBox.swift in Sources */ = {isa = PBXBuildFile; fileRef = EAF7174E23E894CF00DD8703 /* MapViewController+MapBox.swift */; };
		EAF7175223E8B00600DD8703 /* MapViewController+Constraints.swift in Sources */ = {isa = PBXBuildFile; fileRef = EAF7175123E8B00600DD8703 /* MapViewController+Constraints.swift */; };
		EC3DAD8923F3316E00A63224 /* MapViewController+SliderView.swift in Sources */ = {isa = PBXBuildFile; fileRef = EC3DAD8823F3316E00A63224 /* MapViewController+SliderView.swift */; };
		EC7D094223F5B5E5001D04CF /* QuaviTableView.swift in Sources */ = {isa = PBXBuildFile; fileRef = EC7D094123F5B5E5001D04CF /* QuaviTableView.swift */; };
		EC7D094423F5C9AE001D04CF /* MapViewController+SliderView+Constraints.swift in Sources */ = {isa = PBXBuildFile; fileRef = EC7D094323F5C9AE001D04CF /* MapViewController+SliderView+Constraints.swift */; };
		EC7D094623F5CDA7001D04CF /* SliderView.swift in Sources */ = {isa = PBXBuildFile; fileRef = EC7D094523F5CDA7001D04CF /* SliderView.swift */; };
		EC7D094823F5CF1C001D04CF /* MapView.swift in Sources */ = {isa = PBXBuildFile; fileRef = EC7D094723F5CF1C001D04CF /* MapView.swift */; };
		EC7D094A23F5DCB4001D04CF /* CollectionView.swift in Sources */ = {isa = PBXBuildFile; fileRef = EC7D094923F5DCB4001D04CF /* CollectionView.swift */; };
		EC7D094E23F5DFC5001D04CF /* NavigationUIButton.swift in Sources */ = {isa = PBXBuildFile; fileRef = EC7D094D23F5DFC5001D04CF /* NavigationUIButton.swift */; };
		EC7D095023F5E3C7001D04CF /* MapViewController+CollectionView.swift in Sources */ = {isa = PBXBuildFile; fileRef = EC7D094F23F5E3C7001D04CF /* MapViewController+CollectionView.swift */; };
		EC7D095223F60491001D04CF /* MapViewController+TableView.swift in Sources */ = {isa = PBXBuildFile; fileRef = EC7D095123F60491001D04CF /* MapViewController+TableView.swift */; };
/* End PBXBuildFile section */

/* Begin PBXContainerItemProxy section */
		EAF7172323E3804500DD8703 /* PBXContainerItemProxy */ = {
			isa = PBXContainerItemProxy;
			containerPortal = EAF7170423E3804200DD8703 /* Project object */;
			proxyType = 1;
			remoteGlobalIDString = EAF7170B23E3804200DD8703;
			remoteInfo = quavi;
		};
/* End PBXContainerItemProxy section */

/* Begin PBXFileReference section */
		1036A64AE7CE1E667C7A8F7B /* Pods_quaviTests.framework */ = {isa = PBXFileReference; explicitFileType = wrapper.framework; includeInIndex = 0; path = Pods_quaviTests.framework; sourceTree = BUILT_PRODUCTS_DIR; };
		11F73CC64E8270EA014EC65B /* Pods-quavi.debug.xcconfig */ = {isa = PBXFileReference; includeInIndex = 1; lastKnownFileType = text.xcconfig; name = "Pods-quavi.debug.xcconfig"; path = "Target Support Files/Pods-quavi/Pods-quavi.debug.xcconfig"; sourceTree = "<group>"; };
		1D8B2F3124037645002F19F7 /* QuaviTabBarController.swift */ = {isa = PBXFileReference; fileEncoding = 4; lastKnownFileType = sourcecode.swift; path = QuaviTabBarController.swift; sourceTree = "<group>"; };
		1D8B2F3324037754002F19F7 /* ProfileViewController.swift */ = {isa = PBXFileReference; lastKnownFileType = sourcecode.swift; path = ProfileViewController.swift; sourceTree = "<group>"; };
		1D91608923F0DA4F009B1F97 /* StopsTableViewCell.swift */ = {isa = PBXFileReference; fileEncoding = 4; lastKnownFileType = sourcecode.swift; path = StopsTableViewCell.swift; sourceTree = "<group>"; };
		1D91608B23F0DA59009B1F97 /* CategoriesCollectionViewCell.swift */ = {isa = PBXFileReference; fileEncoding = 4; lastKnownFileType = sourcecode.swift; path = CategoriesCollectionViewCell.swift; sourceTree = "<group>"; };
		1D91608F23F0DACD009B1F97 /* Enums.swift */ = {isa = PBXFileReference; fileEncoding = 4; lastKnownFileType = sourcecode.swift; path = Enums.swift; sourceTree = "<group>"; };
		1D91609123F0DB3F009B1F97 /* CategoryData.swift */ = {isa = PBXFileReference; fileEncoding = 4; lastKnownFileType = sourcecode.swift; path = CategoryData.swift; sourceTree = "<group>"; };
		85021F022404240700F8AD7B /* OnBoardingViewController.swift */ = {isa = PBXFileReference; lastKnownFileType = sourcecode.swift; path = OnBoardingViewController.swift; sourceTree = "<group>"; };
		85021F042404243A00F8AD7B /* OnBoardingView.swift */ = {isa = PBXFileReference; lastKnownFileType = sourcecode.swift; path = OnBoardingView.swift; sourceTree = "<group>"; };
		85021F062404247800F8AD7B /* QuaviOnboardingPage.swift */ = {isa = PBXFileReference; lastKnownFileType = sourcecode.swift; path = QuaviOnboardingPage.swift; sourceTree = "<group>"; };
		85021F08240424A100F8AD7B /* QuaviOnboardOverlay.swift */ = {isa = PBXFileReference; lastKnownFileType = sourcecode.swift; path = QuaviOnboardOverlay.swift; sourceTree = "<group>"; };
		85021F0A240443A400F8AD7B /* CategorySelectionViewController.swift */ = {isa = PBXFileReference; lastKnownFileType = sourcecode.swift; path = CategorySelectionViewController.swift; sourceTree = "<group>"; };
		85021F0C2404485600F8AD7B /* CategoryTableViewCell.swift */ = {isa = PBXFileReference; lastKnownFileType = sourcecode.swift; path = CategoryTableViewCell.swift; sourceTree = "<group>"; };
		8502669523F215C0003AD65C /* MapViewController+Navigation.swift */ = {isa = PBXFileReference; lastKnownFileType = sourcecode.swift; path = "MapViewController+Navigation.swift"; sourceTree = "<group>"; };
		8502669723F31DA4003AD65C /* MapViewController+Navigation+Delegate.swift */ = {isa = PBXFileReference; lastKnownFileType = sourcecode.swift; path = "MapViewController+Navigation+Delegate.swift"; sourceTree = "<group>"; };
		8502669B23F344C1003AD65C /* POIInfoViewController.swift */ = {isa = PBXFileReference; lastKnownFileType = sourcecode.swift; path = POIInfoViewController.swift; sourceTree = "<group>"; };
		8502669D23F3529C003AD65C /* POIInfoViewController+Constraints.swift */ = {isa = PBXFileReference; lastKnownFileType = sourcecode.swift; path = "POIInfoViewController+Constraints.swift"; sourceTree = "<group>"; };
		B0B03775A60E1CB608599457 /* Pods-quavi.release.xcconfig */ = {isa = PBXFileReference; includeInIndex = 1; lastKnownFileType = text.xcconfig; name = "Pods-quavi.release.xcconfig"; path = "Target Support Files/Pods-quavi/Pods-quavi.release.xcconfig"; sourceTree = "<group>"; };
		B79E9E4111B34390ECCC8BCB /* Pods_quavi.framework */ = {isa = PBXFileReference; explicitFileType = wrapper.framework; includeInIndex = 0; path = Pods_quavi.framework; sourceTree = BUILT_PRODUCTS_DIR; };
		E0A89C480654404057C1C946 /* Pods-quaviTests.release.xcconfig */ = {isa = PBXFileReference; includeInIndex = 1; lastKnownFileType = text.xcconfig; name = "Pods-quaviTests.release.xcconfig"; path = "Target Support Files/Pods-quaviTests/Pods-quaviTests.release.xcconfig"; sourceTree = "<group>"; };
		EA97DA8123FF085900CB6B32 /* LoginViewController.swift */ = {isa = PBXFileReference; lastKnownFileType = sourcecode.swift; path = LoginViewController.swift; sourceTree = "<group>"; };
		EA97DA8323FF0B3900CB6B32 /* LoginViewController+Constraints.swift */ = {isa = PBXFileReference; lastKnownFileType = sourcecode.swift; path = "LoginViewController+Constraints.swift"; sourceTree = "<group>"; };
		EA97DA8723FF264200CB6B32 /* SignUpViewController.swift */ = {isa = PBXFileReference; lastKnownFileType = sourcecode.swift; path = SignUpViewController.swift; sourceTree = "<group>"; };
		EA97DA8923FF279900CB6B32 /* SignUpViewController+Constraints.swift */ = {isa = PBXFileReference; lastKnownFileType = sourcecode.swift; path = "SignUpViewController+Constraints.swift"; sourceTree = "<group>"; };
		EA97DA8B23FF2C1B00CB6B32 /* String+Validation.swift */ = {isa = PBXFileReference; lastKnownFileType = sourcecode.swift; path = "String+Validation.swift"; sourceTree = "<group>"; };
		EA97DA8D23FF2C4C00CB6B32 /* ViewController+Alert.swift */ = {isa = PBXFileReference; lastKnownFileType = sourcecode.swift; path = "ViewController+Alert.swift"; sourceTree = "<group>"; };
		EA97DA9023FF3B4000CB6B32 /* ForgotPasswordViewController.swift */ = {isa = PBXFileReference; lastKnownFileType = sourcecode.swift; path = ForgotPasswordViewController.swift; sourceTree = "<group>"; };
		EAF7170C23E3804200DD8703 /* quavi.app */ = {isa = PBXFileReference; explicitFileType = wrapper.application; includeInIndex = 0; path = quavi.app; sourceTree = BUILT_PRODUCTS_DIR; };
		EAF7170F23E3804200DD8703 /* AppDelegate.swift */ = {isa = PBXFileReference; lastKnownFileType = sourcecode.swift; path = AppDelegate.swift; sourceTree = "<group>"; };
		EAF7171123E3804200DD8703 /* SceneDelegate.swift */ = {isa = PBXFileReference; lastKnownFileType = sourcecode.swift; path = SceneDelegate.swift; sourceTree = "<group>"; };
		EAF7171823E3804500DD8703 /* Assets.xcassets */ = {isa = PBXFileReference; lastKnownFileType = folder.assetcatalog; path = Assets.xcassets; sourceTree = "<group>"; };
		EAF7171B23E3804500DD8703 /* Base */ = {isa = PBXFileReference; lastKnownFileType = file.storyboard; name = Base; path = Base.lproj/LaunchScreen.storyboard; sourceTree = "<group>"; };
		EAF7171D23E3804500DD8703 /* Info.plist */ = {isa = PBXFileReference; lastKnownFileType = text.plist.xml; path = Info.plist; sourceTree = "<group>"; };
		EAF7172223E3804500DD8703 /* quaviTests.xctest */ = {isa = PBXFileReference; explicitFileType = wrapper.cfbundle; includeInIndex = 0; path = quaviTests.xctest; sourceTree = BUILT_PRODUCTS_DIR; };
		EAF7172623E3804600DD8703 /* quaviTests.swift */ = {isa = PBXFileReference; lastKnownFileType = sourcecode.swift; path = quaviTests.swift; sourceTree = "<group>"; };
		EAF7172823E3804600DD8703 /* Info.plist */ = {isa = PBXFileReference; lastKnownFileType = text.plist.xml; path = Info.plist; sourceTree = "<group>"; };
		EAF7173223E381A900DD8703 /* Tour.swift */ = {isa = PBXFileReference; lastKnownFileType = sourcecode.swift; path = Tour.swift; sourceTree = "<group>"; };
		EAF7173423E381B500DD8703 /* POI.swift */ = {isa = PBXFileReference; lastKnownFileType = sourcecode.swift; path = POI.swift; sourceTree = "<group>"; };
		EAF7173723E3823C00DD8703 /* MapViewController.swift */ = {isa = PBXFileReference; lastKnownFileType = sourcecode.swift; path = MapViewController.swift; sourceTree = "<group>"; };
		EAF7173B23E3857500DD8703 /* FirestoreService.swift */ = {isa = PBXFileReference; lastKnownFileType = sourcecode.swift; path = FirestoreService.swift; sourceTree = "<group>"; };
		EAF7173E23E385EB00DD8703 /* UIDesign.swift */ = {isa = PBXFileReference; lastKnownFileType = sourcecode.swift; path = UIDesign.swift; sourceTree = "<group>"; };
		EAF7174323E3879200DD8703 /* NetworkingFile.swift */ = {isa = PBXFileReference; lastKnownFileType = sourcecode.swift; path = NetworkingFile.swift; sourceTree = "<group>"; };
		EAF7174623E387D300DD8703 /* ProtocolFile.swift */ = {isa = PBXFileReference; lastKnownFileType = sourcecode.swift; path = ProtocolFile.swift; sourceTree = "<group>"; };
		EAF7174923E3884600DD8703 /* Button+ModesOfTransitStyle.swift */ = {isa = PBXFileReference; lastKnownFileType = sourcecode.swift; path = "Button+ModesOfTransitStyle.swift"; sourceTree = "<group>"; };
		EAF7174C23E388D000DD8703 /* MapboxError.swift */ = {isa = PBXFileReference; lastKnownFileType = sourcecode.swift; path = MapboxError.swift; sourceTree = "<group>"; };
		EAF7174E23E894CF00DD8703 /* MapViewController+MapBox.swift */ = {isa = PBXFileReference; lastKnownFileType = sourcecode.swift; path = "MapViewController+MapBox.swift"; sourceTree = "<group>"; };
		EAF7175123E8B00600DD8703 /* MapViewController+Constraints.swift */ = {isa = PBXFileReference; lastKnownFileType = sourcecode.swift; path = "MapViewController+Constraints.swift"; sourceTree = "<group>"; };
		EC3DAD8823F3316E00A63224 /* MapViewController+SliderView.swift */ = {isa = PBXFileReference; lastKnownFileType = sourcecode.swift; path = "MapViewController+SliderView.swift"; sourceTree = "<group>"; };
		EC7D094123F5B5E5001D04CF /* QuaviTableView.swift */ = {isa = PBXFileReference; lastKnownFileType = sourcecode.swift; path = QuaviTableView.swift; sourceTree = "<group>"; };
		EC7D094323F5C9AE001D04CF /* MapViewController+SliderView+Constraints.swift */ = {isa = PBXFileReference; lastKnownFileType = sourcecode.swift; path = "MapViewController+SliderView+Constraints.swift"; sourceTree = "<group>"; };
		EC7D094523F5CDA7001D04CF /* SliderView.swift */ = {isa = PBXFileReference; lastKnownFileType = sourcecode.swift; path = SliderView.swift; sourceTree = "<group>"; };
		EC7D094723F5CF1C001D04CF /* MapView.swift */ = {isa = PBXFileReference; lastKnownFileType = sourcecode.swift; name = MapView.swift; path = quavi/Views/MapView.swift; sourceTree = SOURCE_ROOT; };
		EC7D094923F5DCB4001D04CF /* CollectionView.swift */ = {isa = PBXFileReference; lastKnownFileType = sourcecode.swift; path = CollectionView.swift; sourceTree = "<group>"; };
		EC7D094D23F5DFC5001D04CF /* NavigationUIButton.swift */ = {isa = PBXFileReference; lastKnownFileType = sourcecode.swift; path = NavigationUIButton.swift; sourceTree = "<group>"; };
		EC7D094F23F5E3C7001D04CF /* MapViewController+CollectionView.swift */ = {isa = PBXFileReference; lastKnownFileType = sourcecode.swift; path = "MapViewController+CollectionView.swift"; sourceTree = "<group>"; };
		EC7D095123F60491001D04CF /* MapViewController+TableView.swift */ = {isa = PBXFileReference; lastKnownFileType = sourcecode.swift; path = "MapViewController+TableView.swift"; sourceTree = "<group>"; };
		F76C2C7C82B90911A6C2BBD7 /* Pods-quaviTests.debug.xcconfig */ = {isa = PBXFileReference; includeInIndex = 1; lastKnownFileType = text.xcconfig; name = "Pods-quaviTests.debug.xcconfig"; path = "Target Support Files/Pods-quaviTests/Pods-quaviTests.debug.xcconfig"; sourceTree = "<group>"; };
/* End PBXFileReference section */

/* Begin PBXFrameworksBuildPhase section */
		EAF7170923E3804200DD8703 /* Frameworks */ = {
			isa = PBXFrameworksBuildPhase;
			buildActionMask = 2147483647;
			files = (
				C47D7B80F123D596DC3ECE5B /* Pods_quavi.framework in Frameworks */,
			);
			runOnlyForDeploymentPostprocessing = 0;
		};
		EAF7171F23E3804500DD8703 /* Frameworks */ = {
			isa = PBXFrameworksBuildPhase;
			buildActionMask = 2147483647;
			files = (
				88E33231A7ED230343FC2BA1 /* Pods_quaviTests.framework in Frameworks */,
			);
			runOnlyForDeploymentPostprocessing = 0;
		};
/* End PBXFrameworksBuildPhase section */

/* Begin PBXGroup section */
		12D997E2FC08A07F36EADEC6 /* Pods */ = {
			isa = PBXGroup;
			children = (
				11F73CC64E8270EA014EC65B /* Pods-quavi.debug.xcconfig */,
				B0B03775A60E1CB608599457 /* Pods-quavi.release.xcconfig */,
				F76C2C7C82B90911A6C2BBD7 /* Pods-quaviTests.debug.xcconfig */,
				E0A89C480654404057C1C946 /* Pods-quaviTests.release.xcconfig */,
			);
			path = Pods;
			sourceTree = "<group>";
		};
		97354F9799978F4BB10274F1 /* Frameworks */ = {
			isa = PBXGroup;
			children = (
				B79E9E4111B34390ECCC8BCB /* Pods_quavi.framework */,
				1036A64AE7CE1E667C7A8F7B /* Pods_quaviTests.framework */,
			);
			name = Frameworks;
			sourceTree = "<group>";
		};
		EA97DA8023FF082B00CB6B32 /* Authentication */ = {
			isa = PBXGroup;
			children = (
				EA97DA8523FF0ED300CB6B32 /* LogIn */,
				EA97DA8623FF10B300CB6B32 /* SignUp */,
				EA97DA8F23FF3B1F00CB6B32 /* Forgot Password */,
			);
			path = Authentication;
			sourceTree = "<group>";
		};
		EA97DA8523FF0ED300CB6B32 /* LogIn */ = {
			isa = PBXGroup;
			children = (
				EA97DA8123FF085900CB6B32 /* LoginViewController.swift */,
				EA97DA8323FF0B3900CB6B32 /* LoginViewController+Constraints.swift */,
			);
			path = LogIn;
			sourceTree = "<group>";
		};
		EA97DA8623FF10B300CB6B32 /* SignUp */ = {
			isa = PBXGroup;
			children = (
				EA97DA8723FF264200CB6B32 /* SignUpViewController.swift */,
				EA97DA8923FF279900CB6B32 /* SignUpViewController+Constraints.swift */,
			);
			path = SignUp;
			sourceTree = "<group>";
		};
		EA97DA8F23FF3B1F00CB6B32 /* Forgot Password */ = {
			isa = PBXGroup;
			children = (
				EA97DA9023FF3B4000CB6B32 /* ForgotPasswordViewController.swift */,
			);
			path = "Forgot Password";
			sourceTree = "<group>";
		};
		EAF7170323E3804200DD8703 = {
			isa = PBXGroup;
			children = (
				EAF7170E23E3804200DD8703 /* quavi */,
				EAF7172523E3804600DD8703 /* quaviTests */,
				EAF7170D23E3804200DD8703 /* Products */,
				12D997E2FC08A07F36EADEC6 /* Pods */,
				97354F9799978F4BB10274F1 /* Frameworks */,
			);
			sourceTree = "<group>";
		};
		EAF7170D23E3804200DD8703 /* Products */ = {
			isa = PBXGroup;
			children = (
				EAF7170C23E3804200DD8703 /* quavi.app */,
				EAF7172223E3804500DD8703 /* quaviTests.xctest */,
			);
			name = Products;
			sourceTree = "<group>";
		};
		EAF7170E23E3804200DD8703 /* quavi */ = {
			isa = PBXGroup;
			children = (
				EAF7173123E3818B00DD8703 /* Models */,
				EAF7173623E3821200DD8703 /* Controllers */,
				EAF7174023E386BE00DD8703 /* Views */,
				EAF7173923E3854100DD8703 /* Utilities */,
				EAF7174123E386FD00DD8703 /* Supporting Files */,
				EAF7171D23E3804500DD8703 /* Info.plist */,
			);
			path = quavi;
			sourceTree = "<group>";
		};
		EAF7172523E3804600DD8703 /* quaviTests */ = {
			isa = PBXGroup;
			children = (
				EAF7172623E3804600DD8703 /* quaviTests.swift */,
				EAF7172823E3804600DD8703 /* Info.plist */,
			);
			path = quaviTests;
			sourceTree = "<group>";
		};
		EAF7173123E3818B00DD8703 /* Models */ = {
			isa = PBXGroup;
			children = (
				EAF7173223E381A900DD8703 /* Tour.swift */,
				EAF7173423E381B500DD8703 /* POI.swift */,
				1D91609123F0DB3F009B1F97 /* CategoryData.swift */,
				1D91608F23F0DACD009B1F97 /* Enums.swift */,
			);
			path = Models;
			sourceTree = "<group>";
		};
		EAF7173623E3821200DD8703 /* Controllers */ = {
			isa = PBXGroup;
			children = (
				EA97DA8023FF082B00CB6B32 /* Authentication */,
				EAF7173723E3823C00DD8703 /* MapViewController.swift */,
				EC7D094F23F5E3C7001D04CF /* MapViewController+CollectionView.swift */,
				85021F022404240700F8AD7B /* OnBoardingViewController.swift */,
				EC3DAD8823F3316E00A63224 /* MapViewController+SliderView.swift */,
				EC7D095123F60491001D04CF /* MapViewController+TableView.swift */,
				EC7D094323F5C9AE001D04CF /* MapViewController+SliderView+Constraints.swift */,
				EAF7174E23E894CF00DD8703 /* MapViewController+MapBox.swift */,
				EAF7175123E8B00600DD8703 /* MapViewController+Constraints.swift */,
				85021F0A240443A400F8AD7B /* CategorySelectionViewController.swift */,
				8502669523F215C0003AD65C /* MapViewController+Navigation.swift */,
				8502669723F31DA4003AD65C /* MapViewController+Navigation+Delegate.swift */,
				8502669B23F344C1003AD65C /* POIInfoViewController.swift */,
				8502669D23F3529C003AD65C /* POIInfoViewController+Constraints.swift */,
				1D8B2F3124037645002F19F7 /* QuaviTabBarController.swift */,
				1D8B2F3324037754002F19F7 /* ProfileViewController.swift */,
			);
			path = Controllers;
			sourceTree = "<group>";
		};
		EAF7173923E3854100DD8703 /* Utilities */ = {
			isa = PBXGroup;
			children = (
				EAF7173A23E3856900DD8703 /* Firebase */,
				EAF7174223E3878A00DD8703 /* Networking */,
				EAF7173D23E385DC00DD8703 /* UIDesign */,
				EAF7174B23E388C400DD8703 /* Enums */,
				EAF7174523E387C700DD8703 /* Protocols */,
				EAF7174823E3882800DD8703 /* Extensions */,
			);
			path = Utilities;
			sourceTree = "<group>";
		};
		EAF7173A23E3856900DD8703 /* Firebase */ = {
			isa = PBXGroup;
			children = (
				EAF7173B23E3857500DD8703 /* FirestoreService.swift */,
			);
			path = Firebase;
			sourceTree = "<group>";
		};
		EAF7173D23E385DC00DD8703 /* UIDesign */ = {
			isa = PBXGroup;
			children = (
				EAF7173E23E385EB00DD8703 /* UIDesign.swift */,
			);
			path = UIDesign;
			sourceTree = "<group>";
		};
		EAF7174023E386BE00DD8703 /* Views */ = {
			isa = PBXGroup;
			children = (
				EC7D094723F5CF1C001D04CF /* MapView.swift */,
				1D91608923F0DA4F009B1F97 /* StopsTableViewCell.swift */,
				85021F0C2404485600F8AD7B /* CategoryTableViewCell.swift */,
				1D91608B23F0DA59009B1F97 /* CategoriesCollectionViewCell.swift */,
				85021F08240424A100F8AD7B /* QuaviOnboardOverlay.swift */,
				85021F062404247800F8AD7B /* QuaviOnboardingPage.swift */,
				EC7D094123F5B5E5001D04CF /* QuaviTableView.swift */,
				EC7D094D23F5DFC5001D04CF /* NavigationUIButton.swift */,
				EC7D094923F5DCB4001D04CF /* CollectionView.swift */,
				EC7D094523F5CDA7001D04CF /* SliderView.swift */,
				85021F042404243A00F8AD7B /* OnBoardingView.swift */,
			);
			path = Views;
			sourceTree = "<group>";
		};
		EAF7174123E386FD00DD8703 /* Supporting Files */ = {
			isa = PBXGroup;
			children = (
				EAF7171123E3804200DD8703 /* SceneDelegate.swift */,
				EAF7170F23E3804200DD8703 /* AppDelegate.swift */,
				EAF7171823E3804500DD8703 /* Assets.xcassets */,
				EAF7171A23E3804500DD8703 /* LaunchScreen.storyboard */,
			);
			path = "Supporting Files";
			sourceTree = "<group>";
		};
		EAF7174223E3878A00DD8703 /* Networking */ = {
			isa = PBXGroup;
			children = (
				EAF7174323E3879200DD8703 /* NetworkingFile.swift */,
			);
			path = Networking;
			sourceTree = "<group>";
		};
		EAF7174523E387C700DD8703 /* Protocols */ = {
			isa = PBXGroup;
			children = (
				EAF7174623E387D300DD8703 /* ProtocolFile.swift */,
			);
			path = Protocols;
			sourceTree = "<group>";
		};
		EAF7174823E3882800DD8703 /* Extensions */ = {
			isa = PBXGroup;
			children = (
				EAF7174923E3884600DD8703 /* Button+ModesOfTransitStyle.swift */,
				EA97DA8B23FF2C1B00CB6B32 /* String+Validation.swift */,
				EA97DA8D23FF2C4C00CB6B32 /* ViewController+Alert.swift */,
			);
			path = Extensions;
			sourceTree = "<group>";
		};
		EAF7174B23E388C400DD8703 /* Enums */ = {
			isa = PBXGroup;
			children = (
				EAF7174C23E388D000DD8703 /* MapboxError.swift */,
			);
			path = Enums;
			sourceTree = "<group>";
		};
/* End PBXGroup section */

/* Begin PBXNativeTarget section */
		EAF7170B23E3804200DD8703 /* quavi */ = {
			isa = PBXNativeTarget;
			buildConfigurationList = EAF7172B23E3804600DD8703 /* Build configuration list for PBXNativeTarget "quavi" */;
			buildPhases = (
				EAA57382008BF4FBD1CFF393 /* [CP] Check Pods Manifest.lock */,
				EAF7170823E3804200DD8703 /* Sources */,
				EAF7170923E3804200DD8703 /* Frameworks */,
				EAF7170A23E3804200DD8703 /* Resources */,
				A7852BC7513E0DD219B8019E /* [CP] Embed Pods Frameworks */,
				EAF7175023E8AE2700DD8703 /* MapBox Access Token */,
			);
			buildRules = (
			);
			dependencies = (
			);
			name = quavi;
			productName = quavi;
			productReference = EAF7170C23E3804200DD8703 /* quavi.app */;
			productType = "com.apple.product-type.application";
		};
		EAF7172123E3804500DD8703 /* quaviTests */ = {
			isa = PBXNativeTarget;
			buildConfigurationList = EAF7172E23E3804600DD8703 /* Build configuration list for PBXNativeTarget "quaviTests" */;
			buildPhases = (
				247F04489C11D036B25ED458 /* [CP] Check Pods Manifest.lock */,
				EAF7171E23E3804500DD8703 /* Sources */,
				EAF7171F23E3804500DD8703 /* Frameworks */,
				EAF7172023E3804500DD8703 /* Resources */,
				1B63289A3CEEFEC277125355 /* [CP] Embed Pods Frameworks */,
			);
			buildRules = (
			);
			dependencies = (
				EAF7172423E3804500DD8703 /* PBXTargetDependency */,
			);
			name = quaviTests;
			productName = quaviTests;
			productReference = EAF7172223E3804500DD8703 /* quaviTests.xctest */;
			productType = "com.apple.product-type.bundle.unit-test";
		};
/* End PBXNativeTarget section */

/* Begin PBXProject section */
		EAF7170423E3804200DD8703 /* Project object */ = {
			isa = PBXProject;
			attributes = {
				LastSwiftUpdateCheck = 1130;
				LastUpgradeCheck = 1130;
				ORGANIZATIONNAME = "Sunni Tang";
				TargetAttributes = {
					EAF7170B23E3804200DD8703 = {
						CreatedOnToolsVersion = 11.3;
					};
					EAF7172123E3804500DD8703 = {
						CreatedOnToolsVersion = 11.3;
						TestTargetID = EAF7170B23E3804200DD8703;
					};
				};
			};
			buildConfigurationList = EAF7170723E3804200DD8703 /* Build configuration list for PBXProject "quavi" */;
			compatibilityVersion = "Xcode 9.3";
			developmentRegion = en;
			hasScannedForEncodings = 0;
			knownRegions = (
				en,
				Base,
			);
			mainGroup = EAF7170323E3804200DD8703;
			productRefGroup = EAF7170D23E3804200DD8703 /* Products */;
			projectDirPath = "";
			projectRoot = "";
			targets = (
				EAF7170B23E3804200DD8703 /* quavi */,
				EAF7172123E3804500DD8703 /* quaviTests */,
			);
		};
/* End PBXProject section */

/* Begin PBXResourcesBuildPhase section */
		EAF7170A23E3804200DD8703 /* Resources */ = {
			isa = PBXResourcesBuildPhase;
			buildActionMask = 2147483647;
			files = (
				EAF7171C23E3804500DD8703 /* LaunchScreen.storyboard in Resources */,
				EAF7171923E3804500DD8703 /* Assets.xcassets in Resources */,
			);
			runOnlyForDeploymentPostprocessing = 0;
		};
		EAF7172023E3804500DD8703 /* Resources */ = {
			isa = PBXResourcesBuildPhase;
			buildActionMask = 2147483647;
			files = (
			);
			runOnlyForDeploymentPostprocessing = 0;
		};
/* End PBXResourcesBuildPhase section */

/* Begin PBXShellScriptBuildPhase section */
		1B63289A3CEEFEC277125355 /* [CP] Embed Pods Frameworks */ = {
			isa = PBXShellScriptBuildPhase;
			buildActionMask = 2147483647;
			files = (
			);
			inputFileListPaths = (
				"${PODS_ROOT}/Target Support Files/Pods-quaviTests/Pods-quaviTests-frameworks-${CONFIGURATION}-input-files.xcfilelist",
			);
			name = "[CP] Embed Pods Frameworks";
			outputFileListPaths = (
				"${PODS_ROOT}/Target Support Files/Pods-quaviTests/Pods-quaviTests-frameworks-${CONFIGURATION}-output-files.xcfilelist",
			);
			runOnlyForDeploymentPostprocessing = 0;
			shellPath = /bin/sh;
			shellScript = "\"${PODS_ROOT}/Target Support Files/Pods-quaviTests/Pods-quaviTests-frameworks.sh\"\n";
			showEnvVarsInLog = 0;
		};
		247F04489C11D036B25ED458 /* [CP] Check Pods Manifest.lock */ = {
			isa = PBXShellScriptBuildPhase;
			buildActionMask = 2147483647;
			files = (
			);
			inputFileListPaths = (
			);
			inputPaths = (
				"${PODS_PODFILE_DIR_PATH}/Podfile.lock",
				"${PODS_ROOT}/Manifest.lock",
			);
			name = "[CP] Check Pods Manifest.lock";
			outputFileListPaths = (
			);
			outputPaths = (
				"$(DERIVED_FILE_DIR)/Pods-quaviTests-checkManifestLockResult.txt",
			);
			runOnlyForDeploymentPostprocessing = 0;
			shellPath = /bin/sh;
			shellScript = "diff \"${PODS_PODFILE_DIR_PATH}/Podfile.lock\" \"${PODS_ROOT}/Manifest.lock\" > /dev/null\nif [ $? != 0 ] ; then\n    # print error to STDERR\n    echo \"error: The sandbox is not in sync with the Podfile.lock. Run 'pod install' or update your CocoaPods installation.\" >&2\n    exit 1\nfi\n# This output is used by Xcode 'outputs' to avoid re-running this script phase.\necho \"SUCCESS\" > \"${SCRIPT_OUTPUT_FILE_0}\"\n";
			showEnvVarsInLog = 0;
		};
		A7852BC7513E0DD219B8019E /* [CP] Embed Pods Frameworks */ = {
			isa = PBXShellScriptBuildPhase;
			buildActionMask = 2147483647;
			files = (
			);
			inputFileListPaths = (
				"${PODS_ROOT}/Target Support Files/Pods-quavi/Pods-quavi-frameworks-${CONFIGURATION}-input-files.xcfilelist",
			);
			name = "[CP] Embed Pods Frameworks";
			outputFileListPaths = (
				"${PODS_ROOT}/Target Support Files/Pods-quavi/Pods-quavi-frameworks-${CONFIGURATION}-output-files.xcfilelist",
			);
			runOnlyForDeploymentPostprocessing = 0;
			shellPath = /bin/sh;
			shellScript = "\"${PODS_ROOT}/Target Support Files/Pods-quavi/Pods-quavi-frameworks.sh\"\n";
			showEnvVarsInLog = 0;
		};
		EAA57382008BF4FBD1CFF393 /* [CP] Check Pods Manifest.lock */ = {
			isa = PBXShellScriptBuildPhase;
			buildActionMask = 2147483647;
			files = (
			);
			inputFileListPaths = (
			);
			inputPaths = (
				"${PODS_PODFILE_DIR_PATH}/Podfile.lock",
				"${PODS_ROOT}/Manifest.lock",
			);
			name = "[CP] Check Pods Manifest.lock";
			outputFileListPaths = (
			);
			outputPaths = (
				"$(DERIVED_FILE_DIR)/Pods-quavi-checkManifestLockResult.txt",
			);
			runOnlyForDeploymentPostprocessing = 0;
			shellPath = /bin/sh;
			shellScript = "diff \"${PODS_PODFILE_DIR_PATH}/Podfile.lock\" \"${PODS_ROOT}/Manifest.lock\" > /dev/null\nif [ $? != 0 ] ; then\n    # print error to STDERR\n    echo \"error: The sandbox is not in sync with the Podfile.lock. Run 'pod install' or update your CocoaPods installation.\" >&2\n    exit 1\nfi\n# This output is used by Xcode 'outputs' to avoid re-running this script phase.\necho \"SUCCESS\" > \"${SCRIPT_OUTPUT_FILE_0}\"\n";
			showEnvVarsInLog = 0;
		};
		EAF7175023E8AE2700DD8703 /* MapBox Access Token */ = {
			isa = PBXShellScriptBuildPhase;
			buildActionMask = 2147483647;
			files = (
			);
			inputFileListPaths = (
			);
			inputPaths = (
				"$(TARGET_BUILD_DIR)/$(INFOPLIST_PATH)",
			);
			name = "MapBox Access Token";
			outputFileListPaths = (
			);
			outputPaths = (
			);
			runOnlyForDeploymentPostprocessing = 0;
			shellPath = /bin/sh;
			shellScript = "token_file=~/Desktop/mapbox_access_token.mapbox\ntoken=\"$(cat $token_file 2>/dev/null)\"\nif [ \"$token\" ]; then\n  plutil -replace MGLMapboxAccessToken -string $token \"$TARGET_BUILD_DIR/$INFOPLIST_PATH\"\nelse\n  echo 'warning: Missing Mapbox access token'\n  open 'https://account.mapbox.com/access-tokens/'\n  echo \"warning: Get an access token from <https://account.mapbox.com/access-tokens/>, then create a new file at $token_file that contains the access token.\"\nfi\n";
		};
/* End PBXShellScriptBuildPhase section */

/* Begin PBXSourcesBuildPhase section */
		EAF7170823E3804200DD8703 /* Sources */ = {
			isa = PBXSourcesBuildPhase;
			buildActionMask = 2147483647;
			files = (
				EA97DA8823FF264200CB6B32 /* SignUpViewController.swift in Sources */,
				8502669823F31DA4003AD65C /* MapViewController+Navigation+Delegate.swift in Sources */,
				85021F072404247800F8AD7B /* QuaviOnboardingPage.swift in Sources */,
				EC7D094E23F5DFC5001D04CF /* NavigationUIButton.swift in Sources */,
				8502669623F215C0003AD65C /* MapViewController+Navigation.swift in Sources */,
				1D8B2F3224037645002F19F7 /* QuaviTabBarController.swift in Sources */,
				EC7D094423F5C9AE001D04CF /* MapViewController+SliderView+Constraints.swift in Sources */,
				85021F09240424A100F8AD7B /* QuaviOnboardOverlay.swift in Sources */,
				EAF7174F23E894CF00DD8703 /* MapViewController+MapBox.swift in Sources */,
				EA97DA8C23FF2C1B00CB6B32 /* String+Validation.swift in Sources */,
				EA97DA9123FF3B4000CB6B32 /* ForgotPasswordViewController.swift in Sources */,
				EC7D095023F5E3C7001D04CF /* MapViewController+CollectionView.swift in Sources */,
				EC7D094623F5CDA7001D04CF /* SliderView.swift in Sources */,
				1D91609223F0DB3F009B1F97 /* CategoryData.swift in Sources */,
				EAF7173C23E3857500DD8703 /* FirestoreService.swift in Sources */,
				85021F052404243A00F8AD7B /* OnBoardingView.swift in Sources */,
				8502669C23F344C1003AD65C /* POIInfoViewController.swift in Sources */,
				8502669E23F3529C003AD65C /* POIInfoViewController+Constraints.swift in Sources */,
				EAF7175223E8B00600DD8703 /* MapViewController+Constraints.swift in Sources */,
				EC3DAD8923F3316E00A63224 /* MapViewController+SliderView.swift in Sources */,
				EA97DA8223FF085900CB6B32 /* LoginViewController.swift in Sources */,
				EAF7173F23E385EB00DD8703 /* UIDesign.swift in Sources */,
				1D91609023F0DACD009B1F97 /* Enums.swift in Sources */,
				85021F0B240443A400F8AD7B /* CategorySelectionViewController.swift in Sources */,
				EC7D095223F60491001D04CF /* MapViewController+TableView.swift in Sources */,
				EAF7173823E3823C00DD8703 /* MapViewController.swift in Sources */,
				EAF7173523E381B500DD8703 /* POI.swift in Sources */,
				EAF7171023E3804200DD8703 /* AppDelegate.swift in Sources */,
				85021F032404240700F8AD7B /* OnBoardingViewController.swift in Sources */,
				1D91608A23F0DA4F009B1F97 /* StopsTableViewCell.swift in Sources */,
				EC7D094823F5CF1C001D04CF /* MapView.swift in Sources */,
				EC7D094A23F5DCB4001D04CF /* CollectionView.swift in Sources */,
				EAF7174A23E3884600DD8703 /* Button+ModesOfTransitStyle.swift in Sources */,
				1D91608C23F0DA59009B1F97 /* CategoriesCollectionViewCell.swift in Sources */,
				EA97DA8E23FF2C4C00CB6B32 /* ViewController+Alert.swift in Sources */,
				85021F0D2404485700F8AD7B /* CategoryTableViewCell.swift in Sources */,
				EAF7174423E3879200DD8703 /* NetworkingFile.swift in Sources */,
				EAF7171223E3804200DD8703 /* SceneDelegate.swift in Sources */,
				EA97DA8423FF0B3900CB6B32 /* LoginViewController+Constraints.swift in Sources */,
				EA97DA8A23FF279900CB6B32 /* SignUpViewController+Constraints.swift in Sources */,
				EAF7174723E387D300DD8703 /* ProtocolFile.swift in Sources */,
				EAF7174D23E388D000DD8703 /* MapboxError.swift in Sources */,
				1D8B2F3424037754002F19F7 /* ProfileViewController.swift in Sources */,
				EC7D094223F5B5E5001D04CF /* QuaviTableView.swift in Sources */,
				EAF7173323E381A900DD8703 /* Tour.swift in Sources */,
			);
			runOnlyForDeploymentPostprocessing = 0;
		};
		EAF7171E23E3804500DD8703 /* Sources */ = {
			isa = PBXSourcesBuildPhase;
			buildActionMask = 2147483647;
			files = (
				EAF7172723E3804600DD8703 /* quaviTests.swift in Sources */,
			);
			runOnlyForDeploymentPostprocessing = 0;
		};
/* End PBXSourcesBuildPhase section */

/* Begin PBXTargetDependency section */
		EAF7172423E3804500DD8703 /* PBXTargetDependency */ = {
			isa = PBXTargetDependency;
			target = EAF7170B23E3804200DD8703 /* quavi */;
			targetProxy = EAF7172323E3804500DD8703 /* PBXContainerItemProxy */;
		};
/* End PBXTargetDependency section */

/* Begin PBXVariantGroup section */
		EAF7171A23E3804500DD8703 /* LaunchScreen.storyboard */ = {
			isa = PBXVariantGroup;
			children = (
				EAF7171B23E3804500DD8703 /* Base */,
			);
			name = LaunchScreen.storyboard;
			sourceTree = "<group>";
		};
/* End PBXVariantGroup section */

/* Begin XCBuildConfiguration section */
		EAF7172923E3804600DD8703 /* Debug */ = {
			isa = XCBuildConfiguration;
			buildSettings = {
				ALWAYS_EMBED_SWIFT_STANDARD_LIBRARIES = NO;
				ALWAYS_SEARCH_USER_PATHS = NO;
				CLANG_ANALYZER_NONNULL = YES;
				CLANG_ANALYZER_NUMBER_OBJECT_CONVERSION = YES_AGGRESSIVE;
				CLANG_CXX_LANGUAGE_STANDARD = "gnu++14";
				CLANG_CXX_LIBRARY = "libc++";
				CLANG_ENABLE_MODULES = YES;
				CLANG_ENABLE_OBJC_ARC = YES;
				CLANG_ENABLE_OBJC_WEAK = YES;
				CLANG_WARN_BLOCK_CAPTURE_AUTORELEASING = YES;
				CLANG_WARN_BOOL_CONVERSION = YES;
				CLANG_WARN_COMMA = YES;
				CLANG_WARN_CONSTANT_CONVERSION = YES;
				CLANG_WARN_DEPRECATED_OBJC_IMPLEMENTATIONS = YES;
				CLANG_WARN_DIRECT_OBJC_ISA_USAGE = YES_ERROR;
				CLANG_WARN_DOCUMENTATION_COMMENTS = YES;
				CLANG_WARN_EMPTY_BODY = YES;
				CLANG_WARN_ENUM_CONVERSION = YES;
				CLANG_WARN_INFINITE_RECURSION = YES;
				CLANG_WARN_INT_CONVERSION = YES;
				CLANG_WARN_NON_LITERAL_NULL_CONVERSION = YES;
				CLANG_WARN_OBJC_IMPLICIT_RETAIN_SELF = YES;
				CLANG_WARN_OBJC_LITERAL_CONVERSION = YES;
				CLANG_WARN_OBJC_ROOT_CLASS = YES_ERROR;
				CLANG_WARN_RANGE_LOOP_ANALYSIS = YES;
				CLANG_WARN_STRICT_PROTOTYPES = YES;
				CLANG_WARN_SUSPICIOUS_MOVE = YES;
				CLANG_WARN_UNGUARDED_AVAILABILITY = YES_AGGRESSIVE;
				CLANG_WARN_UNREACHABLE_CODE = YES;
				CLANG_WARN__DUPLICATE_METHOD_MATCH = YES;
				COPY_PHASE_STRIP = NO;
				DEBUG_INFORMATION_FORMAT = dwarf;
				DEFINES_MODULE = NO;
				ENABLE_STRICT_OBJC_MSGSEND = YES;
				ENABLE_TESTABILITY = YES;
				GCC_C_LANGUAGE_STANDARD = gnu11;
				GCC_DYNAMIC_NO_PIC = NO;
				GCC_NO_COMMON_BLOCKS = YES;
				GCC_OPTIMIZATION_LEVEL = 0;
				GCC_PREPROCESSOR_DEFINITIONS = (
					"DEBUG=1",
					"$(inherited)",
				);
				GCC_WARN_64_TO_32_BIT_CONVERSION = YES;
				GCC_WARN_ABOUT_RETURN_TYPE = YES_ERROR;
				GCC_WARN_UNDECLARED_SELECTOR = YES;
				GCC_WARN_UNINITIALIZED_AUTOS = YES_AGGRESSIVE;
				GCC_WARN_UNUSED_FUNCTION = YES;
				GCC_WARN_UNUSED_VARIABLE = YES;
				IPHONEOS_DEPLOYMENT_TARGET = 13.2;
				MTL_ENABLE_DEBUG_INFO = INCLUDE_SOURCE;
				MTL_FAST_MATH = YES;
				ONLY_ACTIVE_ARCH = YES;
				SDKROOT = iphoneos;
				SWIFT_ACTIVE_COMPILATION_CONDITIONS = DEBUG;
				SWIFT_OPTIMIZATION_LEVEL = "-Onone";
			};
			name = Debug;
		};
		EAF7172A23E3804600DD8703 /* Release */ = {
			isa = XCBuildConfiguration;
			buildSettings = {
				ALWAYS_EMBED_SWIFT_STANDARD_LIBRARIES = NO;
				ALWAYS_SEARCH_USER_PATHS = NO;
				CLANG_ANALYZER_NONNULL = YES;
				CLANG_ANALYZER_NUMBER_OBJECT_CONVERSION = YES_AGGRESSIVE;
				CLANG_CXX_LANGUAGE_STANDARD = "gnu++14";
				CLANG_CXX_LIBRARY = "libc++";
				CLANG_ENABLE_MODULES = YES;
				CLANG_ENABLE_OBJC_ARC = YES;
				CLANG_ENABLE_OBJC_WEAK = YES;
				CLANG_WARN_BLOCK_CAPTURE_AUTORELEASING = YES;
				CLANG_WARN_BOOL_CONVERSION = YES;
				CLANG_WARN_COMMA = YES;
				CLANG_WARN_CONSTANT_CONVERSION = YES;
				CLANG_WARN_DEPRECATED_OBJC_IMPLEMENTATIONS = YES;
				CLANG_WARN_DIRECT_OBJC_ISA_USAGE = YES_ERROR;
				CLANG_WARN_DOCUMENTATION_COMMENTS = YES;
				CLANG_WARN_EMPTY_BODY = YES;
				CLANG_WARN_ENUM_CONVERSION = YES;
				CLANG_WARN_INFINITE_RECURSION = YES;
				CLANG_WARN_INT_CONVERSION = YES;
				CLANG_WARN_NON_LITERAL_NULL_CONVERSION = YES;
				CLANG_WARN_OBJC_IMPLICIT_RETAIN_SELF = YES;
				CLANG_WARN_OBJC_LITERAL_CONVERSION = YES;
				CLANG_WARN_OBJC_ROOT_CLASS = YES_ERROR;
				CLANG_WARN_RANGE_LOOP_ANALYSIS = YES;
				CLANG_WARN_STRICT_PROTOTYPES = YES;
				CLANG_WARN_SUSPICIOUS_MOVE = YES;
				CLANG_WARN_UNGUARDED_AVAILABILITY = YES_AGGRESSIVE;
				CLANG_WARN_UNREACHABLE_CODE = YES;
				CLANG_WARN__DUPLICATE_METHOD_MATCH = YES;
				COPY_PHASE_STRIP = NO;
				DEBUG_INFORMATION_FORMAT = "dwarf-with-dsym";
				DEFINES_MODULE = NO;
				ENABLE_NS_ASSERTIONS = NO;
				ENABLE_STRICT_OBJC_MSGSEND = YES;
				GCC_C_LANGUAGE_STANDARD = gnu11;
				GCC_NO_COMMON_BLOCKS = YES;
				GCC_WARN_64_TO_32_BIT_CONVERSION = YES;
				GCC_WARN_ABOUT_RETURN_TYPE = YES_ERROR;
				GCC_WARN_UNDECLARED_SELECTOR = YES;
				GCC_WARN_UNINITIALIZED_AUTOS = YES_AGGRESSIVE;
				GCC_WARN_UNUSED_FUNCTION = YES;
				GCC_WARN_UNUSED_VARIABLE = YES;
				IPHONEOS_DEPLOYMENT_TARGET = 13.2;
				MTL_ENABLE_DEBUG_INFO = NO;
				MTL_FAST_MATH = YES;
				SDKROOT = iphoneos;
				SWIFT_COMPILATION_MODE = wholemodule;
				SWIFT_OPTIMIZATION_LEVEL = "-O";
				VALIDATE_PRODUCT = YES;
			};
			name = Release;
		};
		EAF7172C23E3804600DD8703 /* Debug */ = {
			isa = XCBuildConfiguration;
			baseConfigurationReference = 11F73CC64E8270EA014EC65B /* Pods-quavi.debug.xcconfig */;
			buildSettings = {
				ASSETCATALOG_COMPILER_APPICON_NAME = AppIcon;
				CODE_SIGN_STYLE = Automatic;
				DEVELOPMENT_TEAM = 94MQ8KPB58;
				INFOPLIST_FILE = quavi/Info.plist;
				LD_RUNPATH_SEARCH_PATHS = (
					"$(inherited)",
					"@executable_path/Frameworks",
				);
				PRODUCT_BUNDLE_IDENTIFIER = "Pursuit-6.1-Capstone.quavi";
				PRODUCT_NAME = "$(TARGET_NAME)";
				SWIFT_VERSION = 5.0;
				TARGETED_DEVICE_FAMILY = "1,2";
			};
			name = Debug;
		};
		EAF7172D23E3804600DD8703 /* Release */ = {
			isa = XCBuildConfiguration;
			baseConfigurationReference = B0B03775A60E1CB608599457 /* Pods-quavi.release.xcconfig */;
			buildSettings = {
				ASSETCATALOG_COMPILER_APPICON_NAME = AppIcon;
				CODE_SIGN_STYLE = Automatic;
				DEVELOPMENT_TEAM = 94MQ8KPB58;
				INFOPLIST_FILE = quavi/Info.plist;
				LD_RUNPATH_SEARCH_PATHS = (
					"$(inherited)",
					"@executable_path/Frameworks",
				);
				PRODUCT_BUNDLE_IDENTIFIER = "Pursuit-6.1-Capstone.quavi";
				PRODUCT_NAME = "$(TARGET_NAME)";
				SWIFT_VERSION = 5.0;
				TARGETED_DEVICE_FAMILY = "1,2";
			};
			name = Release;
		};
		EAF7172F23E3804600DD8703 /* Debug */ = {
			isa = XCBuildConfiguration;
			baseConfigurationReference = F76C2C7C82B90911A6C2BBD7 /* Pods-quaviTests.debug.xcconfig */;
			buildSettings = {
				ALWAYS_EMBED_SWIFT_STANDARD_LIBRARIES = YES;
				BUNDLE_LOADER = "$(TEST_HOST)";
				CODE_SIGN_STYLE = Automatic;
				DEVELOPMENT_TEAM = 94MQ8KPB58;
				INFOPLIST_FILE = quaviTests/Info.plist;
				IPHONEOS_DEPLOYMENT_TARGET = 13.2;
				LD_RUNPATH_SEARCH_PATHS = (
					"$(inherited)",
					"@executable_path/Frameworks",
					"@loader_path/Frameworks",
				);
				PRODUCT_BUNDLE_IDENTIFIER = "Pursuit-6.1-Capstone.quaviTests";
				PRODUCT_NAME = "$(TARGET_NAME)";
				SWIFT_VERSION = 5.0;
				TARGETED_DEVICE_FAMILY = "1,2";
				TEST_HOST = "$(BUILT_PRODUCTS_DIR)/quavi.app/quavi";
			};
			name = Debug;
		};
		EAF7173023E3804600DD8703 /* Release */ = {
			isa = XCBuildConfiguration;
			baseConfigurationReference = E0A89C480654404057C1C946 /* Pods-quaviTests.release.xcconfig */;
			buildSettings = {
				ALWAYS_EMBED_SWIFT_STANDARD_LIBRARIES = YES;
				BUNDLE_LOADER = "$(TEST_HOST)";
				CODE_SIGN_STYLE = Automatic;
				DEVELOPMENT_TEAM = 94MQ8KPB58;
				INFOPLIST_FILE = quaviTests/Info.plist;
				IPHONEOS_DEPLOYMENT_TARGET = 13.2;
				LD_RUNPATH_SEARCH_PATHS = (
					"$(inherited)",
					"@executable_path/Frameworks",
					"@loader_path/Frameworks",
				);
				PRODUCT_BUNDLE_IDENTIFIER = "Pursuit-6.1-Capstone.quaviTests";
				PRODUCT_NAME = "$(TARGET_NAME)";
				SWIFT_VERSION = 5.0;
				TARGETED_DEVICE_FAMILY = "1,2";
				TEST_HOST = "$(BUILT_PRODUCTS_DIR)/quavi.app/quavi";
			};
			name = Release;
		};
/* End XCBuildConfiguration section */

/* Begin XCConfigurationList section */
		EAF7170723E3804200DD8703 /* Build configuration list for PBXProject "quavi" */ = {
			isa = XCConfigurationList;
			buildConfigurations = (
				EAF7172923E3804600DD8703 /* Debug */,
				EAF7172A23E3804600DD8703 /* Release */,
			);
			defaultConfigurationIsVisible = 0;
			defaultConfigurationName = Release;
		};
		EAF7172B23E3804600DD8703 /* Build configuration list for PBXNativeTarget "quavi" */ = {
			isa = XCConfigurationList;
			buildConfigurations = (
				EAF7172C23E3804600DD8703 /* Debug */,
				EAF7172D23E3804600DD8703 /* Release */,
			);
			defaultConfigurationIsVisible = 0;
			defaultConfigurationName = Release;
		};
		EAF7172E23E3804600DD8703 /* Build configuration list for PBXNativeTarget "quaviTests" */ = {
			isa = XCConfigurationList;
			buildConfigurations = (
				EAF7172F23E3804600DD8703 /* Debug */,
				EAF7173023E3804600DD8703 /* Release */,
			);
			defaultConfigurationIsVisible = 0;
			defaultConfigurationName = Release;
		};
/* End XCConfigurationList section */
	};
	rootObject = EAF7170423E3804200DD8703 /* Project object */;
}
